{
  "name": "ancient-experience-stink-ylymo",
  "version": "1.0.0",
  "lockfileVersion": 1,
  "requires": true,
  "dependencies": {
    "@electron/remote": {
      "version": "2.0.9",
      "resolved": "https://registry.npmjs.org/@electron/remote/-/remote-2.0.9.tgz",
      "integrity": "sha512-LR0W0ID6WAKHaSs0x5LX9aiG+5pFBNAJL6eQAJfGkCuZPUa6nZz+czZLdlTDETG45CgF/0raSvCtYOYUpr6c+A=="
    }
  }
}
